
Microsoft Visual Studio Solution File, Format Version 12.00
# Visual Studio Version 16
VisualStudioVersion = 16.0.29418.71
MinimumVisualStudioVersion = 10.0.40219.1
Project("{FAE04EC0-301F-11D3-BF4B-00C04F79EFBC}") = "Bookshelf4", "Bookshelf4.csproj", "{56F1212A-D02B-4B4B-A817-31B7A4AA925B}"
EndProject
Global
	GlobalSection(SolutionConfigurationPlatforms) = preSolution
		Debug|Any CPU = Debug|Any CPU
		Release|Any CPU = Release|Any CPU
	EndGlobalSection
	GlobalSection(ProjectConfigurationPlatforms) = postSolution
		{56F1212A-D02B-4B4B-A817-31B7A4AA925B}.Debug|Any CPU.ActiveCfg = Debug|Any CPU
		{56F1212A-D02B-4B4B-A817-31B7A4AA925B}.Debug|Any CPU.Build.0 = Debug|Any CPU
		{56F1212A-D02B-4B4B-A817-31B7A4AA925B}.Release|Any CPU.ActiveCfg = Release|Any CPU
		{56F1212A-D02B-4B4B-A817-31B7A4AA925B}.Release|Any CPU.Build.0 = Release|Any CPU
	EndGlobalSection
	GlobalSection(SolutionProperties) = preSolution
		HideSolutionNode = FALSE
	EndGlobalSection
	GlobalSection(ExtensibilityGlobals) = postSolution
		SolutionGuid = {59D03D56-8B6F-4920-ACB1-9F93F2DD3813}
	EndGlobalSection
EndGlobal
